
Microsoft Visual Studio Solution File, Format Version 12.00
# Visual Studio Version 17
VisualStudioVersion = 17.10.35013.160
MinimumVisualStudioVersion = 10.0.40219.1
Project("{9A19103F-16F7-4668-BE54-9A1E7A4F7556}") = "Profiles.API", "Profiles.API\Profiles.API.csproj", "{6252FA28-DD74-435E-A09C-6173A0A7C214}"
EndProject
Project("{9A19103F-16F7-4668-BE54-9A1E7A4F7556}") = "Inventories.API", "Invenories.API\Inventories.API.csproj", "{F00E41E5-2B98-4B25-BB67-576F45824A21}"
EndProject
Project("{9A19103F-16F7-4668-BE54-9A1E7A4F7556}") = "Orders.API", "Orders.API\Orders.API.csproj", "{D5F8859D-8649-4FC3-AF14-4784F527EA47}"
EndProject
Project("{9A19103F-16F7-4668-BE54-9A1E7A4F7556}") = "Purchases.API", "Purchases.API\Purchases.API.csproj", "{DC55A9DD-3D45-45B2-A9E7-AE138E0D52E5}"
EndProject
Project("{9A19103F-16F7-4668-BE54-9A1E7A4F7556}") = "Payment.API", "Payment.API\Payment.API.csproj", "{D445BB09-CA10-4131-A6B1-D9F08C7828C7}"
EndProject
Project("{9A19103F-16F7-4668-BE54-9A1E7A4F7556}") = "Analitics.API", "Analitics.API\Analitics.API.csproj", "{5B8EE1D8-CFEB-4181-B9CB-6884BF9E742C}"
EndProject
Project("{E53339B2-1760-4266-BCC7-CA923CBCF16C}") = "docker-compose", "docker-compose.dcproj", "{93F6C805-6D43-4AC0-8E00-B3BE779992FA}"
EndProject
Project("{FAE04EC0-301F-11D3-BF4B-00C04F79EFBC}") = "Helpers", "Helpers\Helpers.csproj", "{DE47F141-6703-42E8-83E8-1C0BA297BCF2}"
EndProject
Project("{FAE04EC0-301F-11D3-BF4B-00C04F79EFBC}") = "ProfitImpulseTest", "ProfitImpulseTest\ProfitImpulseTest.csproj", "{18D6592F-2639-4052-B39A-41ADC108140D}"
EndProject
Project("{FAE04EC0-301F-11D3-BF4B-00C04F79EFBC}") = "Yarp.Gateway", "Yarp.Gateway\Yarp.Gateway.csproj", "{DE9B4718-C845-3F0E-C076-932CE4E93962}"
EndProject
Project("{2150E333-8FDC-42A3-9474-1A3956D46DE8}") = "Share", "Share", "{36D591C7-65C7-A0D1-1CBC-10CDE441BDC8}"
EndProject
Project("{2150E333-8FDC-42A3-9474-1A3956D46DE8}") = "Users.API", "Users.API", "{4E108DDD-4FC1-48D7-A71C-044D02C5EE23}"
EndProject
Project("{2150E333-8FDC-42A3-9474-1A3956D46DE8}") = "Notifications.RabbitMQ", "Notifications.RabbitMQ", "{06BFA574-95B6-4649-94B7-B25311192760}"
EndProject
Project("{FAE04EC0-301F-11D3-BF4B-00C04F79EFBC}") = "Users.Web", "User.API\User.Web\Users.Web.csproj", "{A84AE3DF-5CEC-B61D-1544-CEF605202687}"
EndProject
Project("{FAE04EC0-301F-11D3-BF4B-00C04F79EFBC}") = "Users.Infrastructure", "User.API\User.Infrastructure\Users.Infrastructure.csproj", "{EB5E118E-FB67-CDFA-4A53-FBD745F457E6}"
EndProject
Project("{FAE04EC0-301F-11D3-BF4B-00C04F79EFBC}") = "Users.Domain", "User.API\User.Domain\Users.Domain.csproj", "{60521E46-6D80-F362-6E7A-F85C76A4A2AE}"
EndProject
Project("{FAE04EC0-301F-11D3-BF4B-00C04F79EFBC}") = "Users.Application", "User.API\User.Application\Users.Application.csproj", "{57A5DFB9-FFA0-1363-0C3F-5EC108D73D6C}"
EndProject
Project("{FAE04EC0-301F-11D3-BF4B-00C04F79EFBC}") = "Web", "Share\Web\Web.csproj", "{A483F19E-46D4-EB6A-350F-80C908716C33}"
EndProject
Project("{FAE04EC0-301F-11D3-BF4B-00C04F79EFBC}") = "Infrastructure", "Share\Infrastructure\Infrastructure.csproj", "{499B4B8D-5CA3-64BE-FD0F-A8BB822C452D}"
EndProject
Project("{FAE04EC0-301F-11D3-BF4B-00C04F79EFBC}") = "Domain", "Share\Domain\Domain.csproj", "{3B3C68D3-5037-0F76-113E-92B8534A22EA}"
EndProject
Project("{FAE04EC0-301F-11D3-BF4B-00C04F79EFBC}") = "Application", "Share\Application\Application.csproj", "{684750A2-9BA0-BE8F-1861-4847EB53DD03}"
EndProject
Project("{FAE04EC0-301F-11D3-BF4B-00C04F79EFBC}") = "Notification.Web", "Notifications.RabbitMQ\Notification.Web\Notification.Web.csproj", "{43D08C4F-DECF-EA7D-3E13-71E4DAF66627}"
EndProject
Global
	GlobalSection(SolutionConfigurationPlatforms) = preSolution
		Debug|Any CPU = Debug|Any CPU
		Release|Any CPU = Release|Any CPU
	EndGlobalSection
	GlobalSection(ProjectConfigurationPlatforms) = postSolution
		{6252FA28-DD74-435E-A09C-6173A0A7C214}.Debug|Any CPU.ActiveCfg = Debug|Any CPU
		{6252FA28-DD74-435E-A09C-6173A0A7C214}.Debug|Any CPU.Build.0 = Debug|Any CPU
		{6252FA28-DD74-435E-A09C-6173A0A7C214}.Release|Any CPU.ActiveCfg = Release|Any CPU
		{6252FA28-DD74-435E-A09C-6173A0A7C214}.Release|Any CPU.Build.0 = Release|Any CPU
		{F00E41E5-2B98-4B25-BB67-576F45824A21}.Debug|Any CPU.ActiveCfg = Debug|Any CPU
		{F00E41E5-2B98-4B25-BB67-576F45824A21}.Debug|Any CPU.Build.0 = Debug|Any CPU
		{F00E41E5-2B98-4B25-BB67-576F45824A21}.Release|Any CPU.ActiveCfg = Release|Any CPU
		{F00E41E5-2B98-4B25-BB67-576F45824A21}.Release|Any CPU.Build.0 = Release|Any CPU
		{D5F8859D-8649-4FC3-AF14-4784F527EA47}.Debug|Any CPU.ActiveCfg = Debug|Any CPU
		{D5F8859D-8649-4FC3-AF14-4784F527EA47}.Debug|Any CPU.Build.0 = Debug|Any CPU
		{D5F8859D-8649-4FC3-AF14-4784F527EA47}.Release|Any CPU.ActiveCfg = Release|Any CPU
		{D5F8859D-8649-4FC3-AF14-4784F527EA47}.Release|Any CPU.Build.0 = Release|Any CPU
		{DC55A9DD-3D45-45B2-A9E7-AE138E0D52E5}.Debug|Any CPU.ActiveCfg = Debug|Any CPU
		{DC55A9DD-3D45-45B2-A9E7-AE138E0D52E5}.Debug|Any CPU.Build.0 = Debug|Any CPU
		{DC55A9DD-3D45-45B2-A9E7-AE138E0D52E5}.Release|Any CPU.ActiveCfg = Release|Any CPU
		{DC55A9DD-3D45-45B2-A9E7-AE138E0D52E5}.Release|Any CPU.Build.0 = Release|Any CPU
		{D445BB09-CA10-4131-A6B1-D9F08C7828C7}.Debug|Any CPU.ActiveCfg = Debug|Any CPU
		{D445BB09-CA10-4131-A6B1-D9F08C7828C7}.Debug|Any CPU.Build.0 = Debug|Any CPU
		{D445BB09-CA10-4131-A6B1-D9F08C7828C7}.Release|Any CPU.ActiveCfg = Release|Any CPU
		{D445BB09-CA10-4131-A6B1-D9F08C7828C7}.Release|Any CPU.Build.0 = Release|Any CPU
		{5B8EE1D8-CFEB-4181-B9CB-6884BF9E742C}.Debug|Any CPU.ActiveCfg = Debug|Any CPU
		{5B8EE1D8-CFEB-4181-B9CB-6884BF9E742C}.Debug|Any CPU.Build.0 = Debug|Any CPU
		{5B8EE1D8-CFEB-4181-B9CB-6884BF9E742C}.Release|Any CPU.ActiveCfg = Release|Any CPU
		{5B8EE1D8-CFEB-4181-B9CB-6884BF9E742C}.Release|Any CPU.Build.0 = Release|Any CPU
		{93F6C805-6D43-4AC0-8E00-B3BE779992FA}.Debug|Any CPU.ActiveCfg = Debug|Any CPU
		{93F6C805-6D43-4AC0-8E00-B3BE779992FA}.Debug|Any CPU.Build.0 = Debug|Any CPU
		{93F6C805-6D43-4AC0-8E00-B3BE779992FA}.Release|Any CPU.ActiveCfg = Release|Any CPU
		{93F6C805-6D43-4AC0-8E00-B3BE779992FA}.Release|Any CPU.Build.0 = Release|Any CPU
		{DE47F141-6703-42E8-83E8-1C0BA297BCF2}.Debug|Any CPU.ActiveCfg = Debug|Any CPU
		{DE47F141-6703-42E8-83E8-1C0BA297BCF2}.Debug|Any CPU.Build.0 = Debug|Any CPU
		{DE47F141-6703-42E8-83E8-1C0BA297BCF2}.Release|Any CPU.ActiveCfg = Release|Any CPU
		{DE47F141-6703-42E8-83E8-1C0BA297BCF2}.Release|Any CPU.Build.0 = Release|Any CPU
		{18D6592F-2639-4052-B39A-41ADC108140D}.Debug|Any CPU.ActiveCfg = Debug|Any CPU
		{18D6592F-2639-4052-B39A-41ADC108140D}.Debug|Any CPU.Build.0 = Debug|Any CPU
		{18D6592F-2639-4052-B39A-41ADC108140D}.Release|Any CPU.ActiveCfg = Release|Any CPU
		{18D6592F-2639-4052-B39A-41ADC108140D}.Release|Any CPU.Build.0 = Release|Any CPU
		{DE9B4718-C845-3F0E-C076-932CE4E93962}.Debug|Any CPU.ActiveCfg = Debug|Any CPU
		{DE9B4718-C845-3F0E-C076-932CE4E93962}.Debug|Any CPU.Build.0 = Debug|Any CPU
		{DE9B4718-C845-3F0E-C076-932CE4E93962}.Release|Any CPU.ActiveCfg = Release|Any CPU
		{DE9B4718-C845-3F0E-C076-932CE4E93962}.Release|Any CPU.Build.0 = Release|Any CPU
		{A84AE3DF-5CEC-B61D-1544-CEF605202687}.Debug|Any CPU.ActiveCfg = Debug|Any CPU
		{A84AE3DF-5CEC-B61D-1544-CEF605202687}.Debug|Any CPU.Build.0 = Debug|Any CPU
		{A84AE3DF-5CEC-B61D-1544-CEF605202687}.Release|Any CPU.ActiveCfg = Release|Any CPU
		{A84AE3DF-5CEC-B61D-1544-CEF605202687}.Release|Any CPU.Build.0 = Release|Any CPU
		{EB5E118E-FB67-CDFA-4A53-FBD745F457E6}.Debug|Any CPU.ActiveCfg = Debug|Any CPU
		{EB5E118E-FB67-CDFA-4A53-FBD745F457E6}.Debug|Any CPU.Build.0 = Debug|Any CPU
		{EB5E118E-FB67-CDFA-4A53-FBD745F457E6}.Release|Any CPU.ActiveCfg = Release|Any CPU
		{EB5E118E-FB67-CDFA-4A53-FBD745F457E6}.Release|Any CPU.Build.0 = Release|Any CPU
		{60521E46-6D80-F362-6E7A-F85C76A4A2AE}.Debug|Any CPU.ActiveCfg = Debug|Any CPU
		{60521E46-6D80-F362-6E7A-F85C76A4A2AE}.Debug|Any CPU.Build.0 = Debug|Any CPU
		{60521E46-6D80-F362-6E7A-F85C76A4A2AE}.Release|Any CPU.ActiveCfg = Release|Any CPU
		{60521E46-6D80-F362-6E7A-F85C76A4A2AE}.Release|Any CPU.Build.0 = Release|Any CPU
		{57A5DFB9-FFA0-1363-0C3F-5EC108D73D6C}.Debug|Any CPU.ActiveCfg = Debug|Any CPU
		{57A5DFB9-FFA0-1363-0C3F-5EC108D73D6C}.Debug|Any CPU.Build.0 = Debug|Any CPU
		{57A5DFB9-FFA0-1363-0C3F-5EC108D73D6C}.Release|Any CPU.ActiveCfg = Release|Any CPU
		{57A5DFB9-FFA0-1363-0C3F-5EC108D73D6C}.Release|Any CPU.Build.0 = Release|Any CPU
		{A483F19E-46D4-EB6A-350F-80C908716C33}.Debug|Any CPU.ActiveCfg = Debug|Any CPU
		{A483F19E-46D4-EB6A-350F-80C908716C33}.Debug|Any CPU.Build.0 = Debug|Any CPU
		{A483F19E-46D4-EB6A-350F-80C908716C33}.Release|Any CPU.ActiveCfg = Release|Any CPU
		{A483F19E-46D4-EB6A-350F-80C908716C33}.Release|Any CPU.Build.0 = Release|Any CPU
		{499B4B8D-5CA3-64BE-FD0F-A8BB822C452D}.Debug|Any CPU.ActiveCfg = Debug|Any CPU
		{499B4B8D-5CA3-64BE-FD0F-A8BB822C452D}.Debug|Any CPU.Build.0 = Debug|Any CPU
		{499B4B8D-5CA3-64BE-FD0F-A8BB822C452D}.Release|Any CPU.ActiveCfg = Release|Any CPU
		{499B4B8D-5CA3-64BE-FD0F-A8BB822C452D}.Release|Any CPU.Build.0 = Release|Any CPU
		{3B3C68D3-5037-0F76-113E-92B8534A22EA}.Debug|Any CPU.ActiveCfg = Debug|Any CPU
		{3B3C68D3-5037-0F76-113E-92B8534A22EA}.Debug|Any CPU.Build.0 = Debug|Any CPU
		{3B3C68D3-5037-0F76-113E-92B8534A22EA}.Release|Any CPU.ActiveCfg = Release|Any CPU
		{3B3C68D3-5037-0F76-113E-92B8534A22EA}.Release|Any CPU.Build.0 = Release|Any CPU
		{684750A2-9BA0-BE8F-1861-4847EB53DD03}.Debug|Any CPU.ActiveCfg = Debug|Any CPU
		{684750A2-9BA0-BE8F-1861-4847EB53DD03}.Debug|Any CPU.Build.0 = Debug|Any CPU
		{684750A2-9BA0-BE8F-1861-4847EB53DD03}.Release|Any CPU.ActiveCfg = Release|Any CPU
		{684750A2-9BA0-BE8F-1861-4847EB53DD03}.Release|Any CPU.Build.0 = Release|Any CPU
		{43D08C4F-DECF-EA7D-3E13-71E4DAF66627}.Debug|Any CPU.ActiveCfg = Debug|Any CPU
		{43D08C4F-DECF-EA7D-3E13-71E4DAF66627}.Debug|Any CPU.Build.0 = Debug|Any CPU
		{43D08C4F-DECF-EA7D-3E13-71E4DAF66627}.Release|Any CPU.ActiveCfg = Release|Any CPU
		{43D08C4F-DECF-EA7D-3E13-71E4DAF66627}.Release|Any CPU.Build.0 = Release|Any CPU
	EndGlobalSection
	GlobalSection(SolutionProperties) = preSolution
		HideSolutionNode = FALSE
	EndGlobalSection
	GlobalSection(NestedProjects) = preSolution
		{A84AE3DF-5CEC-B61D-1544-CEF605202687} = {4E108DDD-4FC1-48D7-A71C-044D02C5EE23}
		{EB5E118E-FB67-CDFA-4A53-FBD745F457E6} = {4E108DDD-4FC1-48D7-A71C-044D02C5EE23}
		{60521E46-6D80-F362-6E7A-F85C76A4A2AE} = {4E108DDD-4FC1-48D7-A71C-044D02C5EE23}
		{57A5DFB9-FFA0-1363-0C3F-5EC108D73D6C} = {4E108DDD-4FC1-48D7-A71C-044D02C5EE23}
		{A483F19E-46D4-EB6A-350F-80C908716C33} = {36D591C7-65C7-A0D1-1CBC-10CDE441BDC8}
		{499B4B8D-5CA3-64BE-FD0F-A8BB822C452D} = {36D591C7-65C7-A0D1-1CBC-10CDE441BDC8}
		{3B3C68D3-5037-0F76-113E-92B8534A22EA} = {36D591C7-65C7-A0D1-1CBC-10CDE441BDC8}
		{684750A2-9BA0-BE8F-1861-4847EB53DD03} = {36D591C7-65C7-A0D1-1CBC-10CDE441BDC8}
		{43D08C4F-DECF-EA7D-3E13-71E4DAF66627} = {06BFA574-95B6-4649-94B7-B25311192760}
	EndGlobalSection
	GlobalSection(ExtensibilityGlobals) = postSolution
		SolutionGuid = {64CDE996-2DF8-4E50-8057-5B81C62EA7F2}
	EndGlobalSection
EndGlobal
